// !$*UTF8*$!
{
	archiveVersion = 1;
	classes = {
	};
	objectVersion = 50;
	objects = {

/* Begin PBXBuildFile section */
		CEB8243F24C9B4E70060D192 /* Serverlinker.swift in Sources */ = {isa = PBXBuildFile; fileRef = CEB8243E24C9B4E70060D192 /* Serverlinker.swift */; };
		CEB8245324C9B7430060D192 /* RequestComposer.swift in Sources */ = {isa = PBXBuildFile; fileRef = CEB8244724C9B7430060D192 /* RequestComposer.swift */; };
		CEB8245424C9B7430060D192 /* Request.swift in Sources */ = {isa = PBXBuildFile; fileRef = CEB8244824C9B7430060D192 /* Request.swift */; };
		CEB8245524C9B7430060D192 /* RequestComposerProtocol.swift in Sources */ = {isa = PBXBuildFile; fileRef = CEB8244924C9B7430060D192 /* RequestComposerProtocol.swift */; };
		CEB8245624C9B7430060D192 /* Query.swift in Sources */ = {isa = PBXBuildFile; fileRef = CEB8244B24C9B7430060D192 /* Query.swift */; };
		CEB8245724C9B7430060D192 /* NetworkingError.swift in Sources */ = {isa = PBXBuildFile; fileRef = CEB8244C24C9B7430060D192 /* NetworkingError.swift */; };
		CEB8245824C9B7430060D192 /* JSONEncryptor.swift in Sources */ = {isa = PBXBuildFile; fileRef = CEB8244D24C9B7430060D192 /* JSONEncryptor.swift */; };
		CEB8245924C9B7430060D192 /* HTTPMethod.swift in Sources */ = {isa = PBXBuildFile; fileRef = CEB8244E24C9B7430060D192 /* HTTPMethod.swift */; };
		CEB8245A24C9B7430060D192 /* API.swift in Sources */ = {isa = PBXBuildFile; fileRef = CEB8244F24C9B7430060D192 /* API.swift */; };
		CEB8245B24C9B7430060D192 /* Router.swift in Sources */ = {isa = PBXBuildFile; fileRef = CEB8245124C9B7430060D192 /* Router.swift */; };
		CEB8245C24C9B7430060D192 /* RouterProtocol.swift in Sources */ = {isa = PBXBuildFile; fileRef = CEB8245224C9B7430060D192 /* RouterProtocol.swift */; };
/* End PBXBuildFile section */

/* Begin PBXCopyFilesBuildPhase section */
		CEB8243924C9B4E70060D192 /* CopyFiles */ = {
			isa = PBXCopyFilesBuildPhase;
			buildActionMask = 2147483647;
			dstPath = "include/$(PRODUCT_NAME)";
			dstSubfolderSpec = 16;
			files = (
			);
			runOnlyForDeploymentPostprocessing = 0;
		};
/* End PBXCopyFilesBuildPhase section */

/* Begin PBXFileReference section */
		CEB8243B24C9B4E70060D192 /* libServerlinker.a */ = {isa = PBXFileReference; explicitFileType = archive.ar; includeInIndex = 0; path = libServerlinker.a; sourceTree = BUILT_PRODUCTS_DIR; };
		CEB8243E24C9B4E70060D192 /* Serverlinker.swift */ = {isa = PBXFileReference; lastKnownFileType = sourcecode.swift; path = Serverlinker.swift; sourceTree = "<group>"; };
		CEB8244724C9B7430060D192 /* RequestComposer.swift */ = {isa = PBXFileReference; fileEncoding = 4; lastKnownFileType = sourcecode.swift; path = RequestComposer.swift; sourceTree = "<group>"; };
		CEB8244824C9B7430060D192 /* Request.swift */ = {isa = PBXFileReference; fileEncoding = 4; lastKnownFileType = sourcecode.swift; path = Request.swift; sourceTree = "<group>"; };
		CEB8244924C9B7430060D192 /* RequestComposerProtocol.swift */ = {isa = PBXFileReference; fileEncoding = 4; lastKnownFileType = sourcecode.swift; path = RequestComposerProtocol.swift; sourceTree = "<group>"; };
		CEB8244B24C9B7430060D192 /* Query.swift */ = {isa = PBXFileReference; fileEncoding = 4; lastKnownFileType = sourcecode.swift; path = Query.swift; sourceTree = "<group>"; };
		CEB8244C24C9B7430060D192 /* NetworkingError.swift */ = {isa = PBXFileReference; fileEncoding = 4; lastKnownFileType = sourcecode.swift; path = NetworkingError.swift; sourceTree = "<group>"; };
		CEB8244D24C9B7430060D192 /* JSONEncryptor.swift */ = {isa = PBXFileReference; fileEncoding = 4; lastKnownFileType = sourcecode.swift; path = JSONEncryptor.swift; sourceTree = "<group>"; };
		CEB8244E24C9B7430060D192 /* HTTPMethod.swift */ = {isa = PBXFileReference; fileEncoding = 4; lastKnownFileType = sourcecode.swift; path = HTTPMethod.swift; sourceTree = "<group>"; };
		CEB8244F24C9B7430060D192 /* API.swift */ = {isa = PBXFileReference; fileEncoding = 4; lastKnownFileType = sourcecode.swift; path = API.swift; sourceTree = "<group>"; };
		CEB8245124C9B7430060D192 /* Router.swift */ = {isa = PBXFileReference; fileEncoding = 4; lastKnownFileType = sourcecode.swift; path = Router.swift; sourceTree = "<group>"; };
		CEB8245224C9B7430060D192 /* RouterProtocol.swift */ = {isa = PBXFileReference; fileEncoding = 4; lastKnownFileType = sourcecode.swift; path = RouterProtocol.swift; sourceTree = "<group>"; };
/* End PBXFileReference section */

/* Begin PBXFrameworksBuildPhase section */
		CEB8243824C9B4E70060D192 /* Frameworks */ = {
			isa = PBXFrameworksBuildPhase;
			buildActionMask = 2147483647;
			files = (
			);
			runOnlyForDeploymentPostprocessing = 0;
		};
/* End PBXFrameworksBuildPhase section */

/* Begin PBXGroup section */
		CEB8243224C9B4E70060D192 = {
			isa = PBXGroup;
			children = (
				CEB8243D24C9B4E70060D192 /* Serverlinker */,
				CEB8243C24C9B4E70060D192 /* Products */,
			);
			sourceTree = "<group>";
		};
		CEB8243C24C9B4E70060D192 /* Products */ = {
			isa = PBXGroup;
			children = (
				CEB8243B24C9B4E70060D192 /* libServerlinker.a */,
			);
			name = Products;
			sourceTree = "<group>";
		};
		CEB8243D24C9B4E70060D192 /* Serverlinker */ = {
			isa = PBXGroup;
			children = (
				CEB8243E24C9B4E70060D192 /* Serverlinker.swift */,
				CEB8244524C9B7430060D192 /* Server */,
			);
			path = Serverlinker;
			sourceTree = "<group>";
		};
		CEB8244524C9B7430060D192 /* Server */ = {
			isa = PBXGroup;
			children = (
				CEB8244624C9B7430060D192 /* Request */,
				CEB8244A24C9B7430060D192 /* Helper */,
				CEB8245024C9B7430060D192 /* Router */,
			);
			path = Server;
			sourceTree = "<group>";
		};
		CEB8244624C9B7430060D192 /* Request */ = {
			isa = PBXGroup;
			children = (
				CEB8244724C9B7430060D192 /* RequestComposer.swift */,
				CEB8244824C9B7430060D192 /* Request.swift */,
				CEB8244924C9B7430060D192 /* RequestComposerProtocol.swift */,
			);
			path = Request;
			sourceTree = "<group>";
		};
		CEB8244A24C9B7430060D192 /* Helper */ = {
			isa = PBXGroup;
			children = (
				CEB8244B24C9B7430060D192 /* Query.swift */,
				CEB8244C24C9B7430060D192 /* NetworkingError.swift */,
				CEB8244D24C9B7430060D192 /* JSONEncryptor.swift */,
				CEB8244E24C9B7430060D192 /* HTTPMethod.swift */,
				CEB8244F24C9B7430060D192 /* API.swift */,
			);
			path = Helper;
			sourceTree = "<group>";
		};
		CEB8245024C9B7430060D192 /* Router */ = {
			isa = PBXGroup;
			children = (
				CEB8245124C9B7430060D192 /* Router.swift */,
				CEB8245224C9B7430060D192 /* RouterProtocol.swift */,
			);
			path = Router;
			sourceTree = "<group>";
		};
/* End PBXGroup section */

/* Begin PBXNativeTarget section */
		CEB8243A24C9B4E70060D192 /* Serverlinker */ = {
			isa = PBXNativeTarget;
			buildConfigurationList = CEB8244224C9B4E70060D192 /* Build configuration list for PBXNativeTarget "Serverlinker" */;
			buildPhases = (
				CEB8243724C9B4E70060D192 /* Sources */,
				CEB8243824C9B4E70060D192 /* Frameworks */,
				CEB8243924C9B4E70060D192 /* CopyFiles */,
			);
			buildRules = (
			);
			dependencies = (
			);
			name = Serverlinker;
			productName = Serverlinker;
			productReference = CEB8243B24C9B4E70060D192 /* libServerlinker.a */;
			productType = "com.apple.product-type.library.static";
		};
/* End PBXNativeTarget section */

/* Begin PBXProject section */
		CEB8243324C9B4E70060D192 /* Project object */ = {
			isa = PBXProject;
			attributes = {
				LastSwiftUpdateCheck = 1120;
				LastUpgradeCheck = 1120;
				ORGANIZATIONNAME = "Namrata Khanduri";
				TargetAttributes = {
					CEB8243A24C9B4E70060D192 = {
						CreatedOnToolsVersion = 11.2.1;
					};
				};
			};
			buildConfigurationList = CEB8243624C9B4E70060D192 /* Build configuration list for PBXProject "Serverlinker" */;
			compatibilityVersion = "Xcode 9.3";
			developmentRegion = en;
			hasScannedForEncodings = 0;
			knownRegions = (
				en,
				Base,
			);
			mainGroup = CEB8243224C9B4E70060D192;
			productRefGroup = CEB8243C24C9B4E70060D192 /* Products */;
			projectDirPath = "";
			projectRoot = "";
			targets = (
				CEB8243A24C9B4E70060D192 /* Serverlinker */,
			);
		};
/* End PBXProject section */

/* Begin PBXSourcesBuildPhase section */
		CEB8243724C9B4E70060D192 /* Sources */ = {
			isa = PBXSourcesBuildPhase;
			buildActionMask = 2147483647;
			files = (
				CEB8245624C9B7430060D192 /* Query.swift in Sources */,
				CEB8245824C9B7430060D192 /* JSONEncryptor.swift in Sources */,
				CEB8245B24C9B7430060D192 /* Router.swift in Sources */,
				CEB8243F24C9B4E70060D192 /* Serverlinker.swift in Sources */,
				CEB8245424C9B7430060D192 /* Request.swift in Sources */,
				CEB8245924C9B7430060D192 /* HTTPMethod.swift in Sources */,
				CEB8245324C9B7430060D192 /* RequestComposer.swift in Sources */,
				CEB8245724C9B7430060D192 /* NetworkingError.swift in Sources */,
				CEB8245A24C9B7430060D192 /* API.swift in Sources */,
				CEB8245524C9B7430060D192 /* RequestComposerProtocol.swift in Sources */,
				CEB8245C24C9B7430060D192 /* RouterProtocol.swift in Sources */,
			);
			runOnlyForDeploymentPostprocessing = 0;
		};
/* End PBXSourcesBuildPhase section */

/* Begin XCBuildConfiguration section */
		CEB8244024C9B4E70060D192 /* Debug */ = {
			isa = XCBuildConfiguration;
			buildSettings = {
				ALWAYS_SEARCH_USER_PATHS = NO;
				CLANG_ANALYZER_NONNULL = YES;
				CLANG_ANALYZER_NUMBER_OBJECT_CONVERSION = YES_AGGRESSIVE;
				CLANG_CXX_LANGUAGE_STANDARD = "gnu++14";
				CLANG_CXX_LIBRARY = "libc++";
				CLANG_ENABLE_MODULES = YES;
				CLANG_ENABLE_OBJC_ARC = YES;
				CLANG_ENABLE_OBJC_WEAK = YES;
				CLANG_WARN_BLOCK_CAPTURE_AUTORELEASING = YES;
				CLANG_WARN_BOOL_CONVERSION = YES;
				CLANG_WARN_COMMA = YES;
				CLANG_WARN_CONSTANT_CONVERSION = YES;
				CLANG_WARN_DEPRECATED_OBJC_IMPLEMENTATIONS = YES;
				CLANG_WARN_DIRECT_OBJC_ISA_USAGE = YES_ERROR;
				CLANG_WARN_DOCUMENTATION_COMMENTS = YES;
				CLANG_WARN_EMPTY_BODY = YES;
				CLANG_WARN_ENUM_CONVERSION = YES;
				CLANG_WARN_INFINITE_RECURSION = YES;
				CLANG_WARN_INT_CONVERSION = YES;
				CLANG_WARN_NON_LITERAL_NULL_CONVERSION = YES;
				CLANG_WARN_OBJC_IMPLICIT_RETAIN_SELF = YES;
				CLANG_WARN_OBJC_LITERAL_CONVERSION = YES;
				CLANG_WARN_OBJC_ROOT_CLASS = YES_ERROR;
				CLANG_WARN_RANGE_LOOP_ANALYSIS = YES;
				CLANG_WARN_STRICT_PROTOTYPES = YES;
				CLANG_WARN_SUSPICIOUS_MOVE = YES;
				CLANG_WARN_UNGUARDED_AVAILABILITY = YES_AGGRESSIVE;
				CLANG_WARN_UNREACHABLE_CODE = YES;
				CLANG_WARN__DUPLICATE_METHOD_MATCH = YES;
				COPY_PHASE_STRIP = NO;
				DEBUG_INFORMATION_FORMAT = dwarf;
				ENABLE_STRICT_OBJC_MSGSEND = YES;
				ENABLE_TESTABILITY = YES;
				GCC_C_LANGUAGE_STANDARD = gnu11;
				GCC_DYNAMIC_NO_PIC = NO;
				GCC_NO_COMMON_BLOCKS = YES;
				GCC_OPTIMIZATION_LEVEL = 0;
				GCC_PREPROCESSOR_DEFINITIONS = (
					"DEBUG=1",
					"$(inherited)",
				);
				GCC_WARN_64_TO_32_BIT_CONVERSION = YES;
				GCC_WARN_ABOUT_RETURN_TYPE = YES_ERROR;
				GCC_WARN_UNDECLARED_SELECTOR = YES;
				GCC_WARN_UNINITIALIZED_AUTOS = YES_AGGRESSIVE;
				GCC_WARN_UNUSED_FUNCTION = YES;
				GCC_WARN_UNUSED_VARIABLE = YES;
				IPHONEOS_DEPLOYMENT_TARGET = 13.2;
				MTL_ENABLE_DEBUG_INFO = INCLUDE_SOURCE;
				MTL_FAST_MATH = YES;
				ONLY_ACTIVE_ARCH = YES;
				SDKROOT = iphoneos;
				SWIFT_ACTIVE_COMPILATION_CONDITIONS = DEBUG;
				SWIFT_OPTIMIZATION_LEVEL = "-Onone";
			};
			name = Debug;
		};
		CEB8244124C9B4E70060D192 /* Release */ = {
			isa = XCBuildConfiguration;
			buildSettings = {
				ALWAYS_SEARCH_USER_PATHS = NO;
				CLANG_ANALYZER_NONNULL = YES;
				CLANG_ANALYZER_NUMBER_OBJECT_CONVERSION = YES_AGGRESSIVE;
				CLANG_CXX_LANGUAGE_STANDARD = "gnu++14";
				CLANG_CXX_LIBRARY = "libc++";
				CLANG_ENABLE_MODULES = YES;
				CLANG_ENABLE_OBJC_ARC = YES;
				CLANG_ENABLE_OBJC_WEAK = YES;
				CLANG_WARN_BLOCK_CAPTURE_AUTORELEASING = YES;
				CLANG_WARN_BOOL_CONVERSION = YES;
				CLANG_WARN_COMMA = YES;
				CLANG_WARN_CONSTANT_CONVERSION = YES;
				CLANG_WARN_DEPRECATED_OBJC_IMPLEMENTATIONS = YES;
				CLANG_WARN_DIRECT_OBJC_ISA_USAGE = YES_ERROR;
				CLANG_WARN_DOCUMENTATION_COMMENTS = YES;
				CLANG_WARN_EMPTY_BODY = YES;
				CLANG_WARN_ENUM_CONVERSION = YES;
				CLANG_WARN_INFINITE_RECURSION = YES;
				CLANG_WARN_INT_CONVERSION = YES;
				CLANG_WARN_NON_LITERAL_NULL_CONVERSION = YES;
				CLANG_WARN_OBJC_IMPLICIT_RETAIN_SELF = YES;
				CLANG_WARN_OBJC_LITERAL_CONVERSION = YES;
				CLANG_WARN_OBJC_ROOT_CLASS = YES_ERROR;
				CLANG_WARN_RANGE_LOOP_ANALYSIS = YES;
				CLANG_WARN_STRICT_PROTOTYPES = YES;
				CLANG_WARN_SUSPICIOUS_MOVE = YES;
				CLANG_WARN_UNGUARDED_AVAILABILITY = YES_AGGRESSIVE;
				CLANG_WARN_UNREACHABLE_CODE = YES;
				CLANG_WARN__DUPLICATE_METHOD_MATCH = YES;
				COPY_PHASE_STRIP = NO;
				DEBUG_INFORMATION_FORMAT = "dwarf-with-dsym";
				ENABLE_NS_ASSERTIONS = NO;
				ENABLE_STRICT_OBJC_MSGSEND = YES;
				GCC_C_LANGUAGE_STANDARD = gnu11;
				GCC_NO_COMMON_BLOCKS = YES;
				GCC_WARN_64_TO_32_BIT_CONVERSION = YES;
				GCC_WARN_ABOUT_RETURN_TYPE = YES_ERROR;
				GCC_WARN_UNDECLARED_SELECTOR = YES;
				GCC_WARN_UNINITIALIZED_AUTOS = YES_AGGRESSIVE;
				GCC_WARN_UNUSED_FUNCTION = YES;
				GCC_WARN_UNUSED_VARIABLE = YES;
				IPHONEOS_DEPLOYMENT_TARGET = 13.2;
				MTL_ENABLE_DEBUG_INFO = NO;
				MTL_FAST_MATH = YES;
				SDKROOT = iphoneos;
				SWIFT_COMPILATION_MODE = wholemodule;
				SWIFT_OPTIMIZATION_LEVEL = "-O";
				VALIDATE_PRODUCT = YES;
			};
			name = Release;
		};
		CEB8244324C9B4E70060D192 /* Debug */ = {
			isa = XCBuildConfiguration;
			buildSettings = {
				CODE_SIGN_STYLE = Automatic;
				DEVELOPMENT_TEAM = 4Q92Z86L4P;
				OTHER_LDFLAGS = "-ObjC";
				PRODUCT_NAME = "$(TARGET_NAME)";
				SKIP_INSTALL = YES;
				SWIFT_VERSION = 5.0;
				TARGETED_DEVICE_FAMILY = "1,2";
			};
			name = Debug;
		};
		CEB8244424C9B4E70060D192 /* Release */ = {
			isa = XCBuildConfiguration;
			buildSettings = {
				CODE_SIGN_STYLE = Automatic;
				DEVELOPMENT_TEAM = 4Q92Z86L4P;
				OTHER_LDFLAGS = "-ObjC";
				PRODUCT_NAME = "$(TARGET_NAME)";
				SKIP_INSTALL = YES;
				SWIFT_VERSION = 5.0;
				TARGETED_DEVICE_FAMILY = "1,2";
			};
			name = Release;
		};
/* End XCBuildConfiguration section */

/* Begin XCConfigurationList section */
		CEB8243624C9B4E70060D192 /* Build configuration list for PBXProject "Serverlinker" */ = {
			isa = XCConfigurationList;
			buildConfigurations = (
				CEB8244024C9B4E70060D192 /* Debug */,
				CEB8244124C9B4E70060D192 /* Release */,
			);
			defaultConfigurationIsVisible = 0;
			defaultConfigurationName = Release;
		};
		CEB8244224C9B4E70060D192 /* Build configuration list for PBXNativeTarget "Serverlinker" */ = {
			isa = XCConfigurationList;
			buildConfigurations = (
				CEB8244324C9B4E70060D192 /* Debug */,
				CEB8244424C9B4E70060D192 /* Release */,
			);
			defaultConfigurationIsVisible = 0;
			defaultConfigurationName = Release;
		};
/* End XCConfigurationList section */
	};
	rootObject = CEB8243324C9B4E70060D192 /* Project object */;
}
